
Microsoft Visual Studio Solution File, Format Version 12.00
# Visual Studio Version 17
VisualStudioVersion = 17.10.35122.118
MinimumVisualStudioVersion = 10.0.40219.1
Project("{2150E333-8FDC-42A3-9474-1A3956D46DE8}") = "Common", "Common", "{F793C5BC-F900-425C-8192-CAC0A6169D78}"
EndProject
Project("{2150E333-8FDC-42A3-9474-1A3956D46DE8}") = "Modules", "Modules", "{A8B21DA4-FF25-47C0-AF93-CA7BE4D872BC}"
EndProject
Project("{2150E333-8FDC-42A3-9474-1A3956D46DE8}") = "DataAccess", "DataAccess", "{06285792-5E39-4446-9639-6960E86C6A40}"
EndProject
Project("{9A19103F-16F7-4668-BE54-9A1E7A4F7556}") = "UserManagement.Api", "Modules\UserManagement.Api\UserManagement.Api.csproj", "{C31CF045-07BE-41A2-9B8A-CFDFE3B7237B}"
EndProject
Project("{9A19103F-16F7-4668-BE54-9A1E7A4F7556}") = "Authorization.Api", "Modules\Authorization.Api\Authorization.Api.csproj", "{6A3BF443-975B-43AB-811C-F82AF79E85D9}"
EndProject
Project("{9A19103F-16F7-4668-BE54-9A1E7A4F7556}") = "Common.DataAccess.Users", "Common\DataAccess\Common.Users.Db\Common.DataAccess.Users.csproj", "{295D7CF6-1109-4707-9179-4F1D0F8D3DAB}"
EndProject
Project("{9A19103F-16F7-4668-BE54-9A1E7A4F7556}") = "Common", "Common\Common\Common.csproj", "{61D40BB2-3360-4B79-B9F3-498B1A391022}"
EndProject
Project("{E53339B2-1760-4266-BCC7-CA923CBCF16C}") = "docker-compose", "docker-compose.dcproj", "{32F92528-AC0D-45FB-AD9F-0B2FDB039780}"
EndProject
Project("{FAE04EC0-301F-11D3-BF4B-00C04F79EFBC}") = "Common.DataAccess.Models", "Common\DataAccess\Common.DataAccess.Models\Common.DataAccess.Models.csproj", "{BF164CD5-FDB5-419F-83FC-D7937D60046F}"
EndProject
Global
	GlobalSection(SolutionConfigurationPlatforms) = preSolution
		Debug|Any CPU = Debug|Any CPU
		Release|Any CPU = Release|Any CPU
	EndGlobalSection
	GlobalSection(ProjectConfigurationPlatforms) = postSolution
		{C31CF045-07BE-41A2-9B8A-CFDFE3B7237B}.Debug|Any CPU.ActiveCfg = Debug|Any CPU
		{C31CF045-07BE-41A2-9B8A-CFDFE3B7237B}.Debug|Any CPU.Build.0 = Debug|Any CPU
		{C31CF045-07BE-41A2-9B8A-CFDFE3B7237B}.Release|Any CPU.ActiveCfg = Release|Any CPU
		{C31CF045-07BE-41A2-9B8A-CFDFE3B7237B}.Release|Any CPU.Build.0 = Release|Any CPU
		{6A3BF443-975B-43AB-811C-F82AF79E85D9}.Debug|Any CPU.ActiveCfg = Debug|Any CPU
		{6A3BF443-975B-43AB-811C-F82AF79E85D9}.Debug|Any CPU.Build.0 = Debug|Any CPU
		{6A3BF443-975B-43AB-811C-F82AF79E85D9}.Release|Any CPU.ActiveCfg = Release|Any CPU
		{6A3BF443-975B-43AB-811C-F82AF79E85D9}.Release|Any CPU.Build.0 = Release|Any CPU
		{295D7CF6-1109-4707-9179-4F1D0F8D3DAB}.Debug|Any CPU.ActiveCfg = Debug|Any CPU
		{295D7CF6-1109-4707-9179-4F1D0F8D3DAB}.Debug|Any CPU.Build.0 = Debug|Any CPU
		{295D7CF6-1109-4707-9179-4F1D0F8D3DAB}.Release|Any CPU.ActiveCfg = Release|Any CPU
		{295D7CF6-1109-4707-9179-4F1D0F8D3DAB}.Release|Any CPU.Build.0 = Release|Any CPU
		{61D40BB2-3360-4B79-B9F3-498B1A391022}.Debug|Any CPU.ActiveCfg = Debug|Any CPU
		{61D40BB2-3360-4B79-B9F3-498B1A391022}.Debug|Any CPU.Build.0 = Debug|Any CPU
		{61D40BB2-3360-4B79-B9F3-498B1A391022}.Release|Any CPU.ActiveCfg = Release|Any CPU
		{61D40BB2-3360-4B79-B9F3-498B1A391022}.Release|Any CPU.Build.0 = Release|Any CPU
		{32F92528-AC0D-45FB-AD9F-0B2FDB039780}.Debug|Any CPU.ActiveCfg = Debug|Any CPU
		{32F92528-AC0D-45FB-AD9F-0B2FDB039780}.Debug|Any CPU.Build.0 = Debug|Any CPU
		{32F92528-AC0D-45FB-AD9F-0B2FDB039780}.Release|Any CPU.ActiveCfg = Release|Any CPU
		{32F92528-AC0D-45FB-AD9F-0B2FDB039780}.Release|Any CPU.Build.0 = Release|Any CPU
		{BF164CD5-FDB5-419F-83FC-D7937D60046F}.Debug|Any CPU.ActiveCfg = Debug|Any CPU
		{BF164CD5-FDB5-419F-83FC-D7937D60046F}.Debug|Any CPU.Build.0 = Debug|Any CPU
		{BF164CD5-FDB5-419F-83FC-D7937D60046F}.Release|Any CPU.ActiveCfg = Release|Any CPU
		{BF164CD5-FDB5-419F-83FC-D7937D60046F}.Release|Any CPU.Build.0 = Release|Any CPU
	EndGlobalSection
	GlobalSection(SolutionProperties) = preSolution
		HideSolutionNode = FALSE
	EndGlobalSection
	GlobalSection(NestedProjects) = preSolution
		{06285792-5E39-4446-9639-6960E86C6A40} = {F793C5BC-F900-425C-8192-CAC0A6169D78}
		{C31CF045-07BE-41A2-9B8A-CFDFE3B7237B} = {A8B21DA4-FF25-47C0-AF93-CA7BE4D872BC}
		{6A3BF443-975B-43AB-811C-F82AF79E85D9} = {A8B21DA4-FF25-47C0-AF93-CA7BE4D872BC}
		{295D7CF6-1109-4707-9179-4F1D0F8D3DAB} = {06285792-5E39-4446-9639-6960E86C6A40}
		{61D40BB2-3360-4B79-B9F3-498B1A391022} = {F793C5BC-F900-425C-8192-CAC0A6169D78}
		{BF164CD5-FDB5-419F-83FC-D7937D60046F} = {06285792-5E39-4446-9639-6960E86C6A40}
	EndGlobalSection
	GlobalSection(ExtensibilityGlobals) = postSolution
		SolutionGuid = {99BF2C52-532E-45AF-BC1E-EA12D12BE080}
	EndGlobalSection
EndGlobal
